
Microsoft Visual Studio Solution File, Format Version 12.00
# Visual Studio Version 16
VisualStudioVersion = 16.0.30907.101
MinimumVisualStudioVersion = 10.0.40219.1
Project("{FAE04EC0-301F-11D3-BF4B-00C04F79EFBC}") = "Kasa", "Kasa\Kasa.csproj", "{C4FB9F7A-EDFD-40D3-94E2-FC61E924EE07}"
EndProject
Project("{FAE04EC0-301F-11D3-BF4B-00C04F79EFBC}") = "Backend", "Backend\Backend.csproj", "{70BA8086-0E80-4C7B-95C0-648CCB0AC4C1}"
EndProject
Global
	GlobalSection(SolutionConfigurationPlatforms) = preSolution
		Debug|Any CPU = Debug|Any CPU
		Release|Any CPU = Release|Any CPU
	EndGlobalSection
	GlobalSection(ProjectConfigurationPlatforms) = postSolution
		{C4FB9F7A-EDFD-40D3-94E2-FC61E924EE07}.Debug|Any CPU.ActiveCfg = Debug|Any CPU
		{C4FB9F7A-EDFD-40D3-94E2-FC61E924EE07}.Debug|Any CPU.Build.0 = Debug|Any CPU
		{C4FB9F7A-EDFD-40D3-94E2-FC61E924EE07}.Release|Any CPU.ActiveCfg = Release|Any CPU
		{C4FB9F7A-EDFD-40D3-94E2-FC61E924EE07}.Release|Any CPU.Build.0 = Release|Any CPU
		{70BA8086-0E80-4C7B-95C0-648CCB0AC4C1}.Debug|Any CPU.ActiveCfg = Debug|Any CPU
		{70BA8086-0E80-4C7B-95C0-648CCB0AC4C1}.Debug|Any CPU.Build.0 = Debug|Any CPU
		{70BA8086-0E80-4C7B-95C0-648CCB0AC4C1}.Release|Any CPU.ActiveCfg = Release|Any CPU
		{70BA8086-0E80-4C7B-95C0-648CCB0AC4C1}.Release|Any CPU.Build.0 = Release|Any CPU
	EndGlobalSection
	GlobalSection(SolutionProperties) = preSolution
		HideSolutionNode = FALSE
	EndGlobalSection
	GlobalSection(ExtensibilityGlobals) = postSolution
		SolutionGuid = {408BEB7A-C013-41FA-AF21-899FD07601A9}
	EndGlobalSection
EndGlobal
